
Microsoft Visual Studio Solution File, Format Version 12.00
# Visual Studio Version 16
VisualStudioVersion = 16.0.30002.166
MinimumVisualStudioVersion = 10.0.40219.1
Project("{FAE04EC0-301F-11D3-BF4B-00C04F79EFBC}") = "GithubFavorites", "GithubFavorites\GithubFavorites.csproj", "{3BD62CBB-8B34-403D-BFE7-A9ED3482D3EF}"
EndProject
Global
	GlobalSection(SolutionConfigurationPlatforms) = preSolution
		Debug|Any CPU = Debug|Any CPU
		Release|Any CPU = Release|Any CPU
	EndGlobalSection
	GlobalSection(ProjectConfigurationPlatforms) = postSolution
		{3BD62CBB-8B34-403D-BFE7-A9ED3482D3EF}.Debug|Any CPU.ActiveCfg = Debug|Any CPU
		{3BD62CBB-8B34-403D-BFE7-A9ED3482D3EF}.Debug|Any CPU.Build.0 = Debug|Any CPU
		{3BD62CBB-8B34-403D-BFE7-A9ED3482D3EF}.Release|Any CPU.ActiveCfg = Release|Any CPU
		{3BD62CBB-8B34-403D-BFE7-A9ED3482D3EF}.Release|Any CPU.Build.0 = Release|Any CPU
	EndGlobalSection
	GlobalSection(SolutionProperties) = preSolution
		HideSolutionNode = FALSE
	EndGlobalSection
	GlobalSection(ExtensibilityGlobals) = postSolution
		SolutionGuid = {694331D7-7870-46FD-8C15-16FC3EA4162E}
	EndGlobalSection
EndGlobal
